
Microsoft Visual Studio Solution File, Format Version 12.00
# Visual Studio Version 16
VisualStudioVersion = 16.0.30717.126
MinimumVisualStudioVersion = 10.0.40219.1
Project("{FAE04EC0-301F-11D3-BF4B-00C04F79EFBC}") = "CodeGenHero.Template.CSLA", "CodeGenHero.Template.CSLA\CodeGenHero.Template.CSLA.csproj", "{B007E30A-C2CA-405E-ADB4-218137E13265}"
EndProject
Global
	GlobalSection(SolutionConfigurationPlatforms) = preSolution
		Debug|Any CPU = Debug|Any CPU
		Release|Any CPU = Release|Any CPU
	EndGlobalSection
	GlobalSection(ProjectConfigurationPlatforms) = postSolution
		{B007E30A-C2CA-405E-ADB4-218137E13265}.Debug|Any CPU.ActiveCfg = Debug|Any CPU
		{B007E30A-C2CA-405E-ADB4-218137E13265}.Debug|Any CPU.Build.0 = Debug|Any CPU
		{B007E30A-C2CA-405E-ADB4-218137E13265}.Release|Any CPU.ActiveCfg = Release|Any CPU
		{B007E30A-C2CA-405E-ADB4-218137E13265}.Release|Any CPU.Build.0 = Release|Any CPU
	EndGlobalSection
	GlobalSection(SolutionProperties) = preSolution
		HideSolutionNode = FALSE
	EndGlobalSection
	GlobalSection(ExtensibilityGlobals) = postSolution
		SolutionGuid = {8CC30F16-B073-4125-8890-35B98ADE0A42}
	EndGlobalSection
EndGlobal
